
Microsoft Visual Studio Solution File, Format Version 12.00
# Visual Studio Version 17
VisualStudioVersion = 17.13.35931.197 d17.13
MinimumVisualStudioVersion = 10.0.40219.1
Project("{FAE04EC0-301F-11D3-BF4B-00C04F79EFBC}") = "19.06.2025", "19.06.2025.csproj", "{2F85517E-478E-4EE1-A499-FFCFA81CBDEC}"
EndProject
Global
	GlobalSection(SolutionConfigurationPlatforms) = preSolution
		Debug|Any CPU = Debug|Any CPU
		Release|Any CPU = Release|Any CPU
	EndGlobalSection
	GlobalSection(ProjectConfigurationPlatforms) = postSolution
		{2F85517E-478E-4EE1-A499-FFCFA81CBDEC}.Debug|Any CPU.ActiveCfg = Debug|Any CPU
		{2F85517E-478E-4EE1-A499-FFCFA81CBDEC}.Debug|Any CPU.Build.0 = Debug|Any CPU
		{2F85517E-478E-4EE1-A499-FFCFA81CBDEC}.Release|Any CPU.ActiveCfg = Release|Any CPU
		{2F85517E-478E-4EE1-A499-FFCFA81CBDEC}.Release|Any CPU.Build.0 = Release|Any CPU
	EndGlobalSection
	GlobalSection(SolutionProperties) = preSolution
		HideSolutionNode = FALSE
	EndGlobalSection
	GlobalSection(ExtensibilityGlobals) = postSolution
		SolutionGuid = {7ADC3684-33C4-46C9-BBC6-3715AF3662E8}
	EndGlobalSection
EndGlobal
